
Microsoft Visual Studio Solution File, Format Version 12.00
# Visual Studio Version 17
VisualStudioVersion = 17.2.32516.85
MinimumVisualStudioVersion = 10.0.40219.1
Project("{FAE04EC0-301F-11D3-BF4B-00C04F79EFBC}") = "GitTestFile", "GitTestFile\GitTestFile.csproj", "{F10219D2-DD3C-4E81-8179-1937EE2DC5C5}"
EndProject
Global
	GlobalSection(SolutionConfigurationPlatforms) = preSolution
		Debug|Any CPU = Debug|Any CPU
		Release|Any CPU = Release|Any CPU
	EndGlobalSection
	GlobalSection(ProjectConfigurationPlatforms) = postSolution
		{F10219D2-DD3C-4E81-8179-1937EE2DC5C5}.Debug|Any CPU.ActiveCfg = Debug|Any CPU
		{F10219D2-DD3C-4E81-8179-1937EE2DC5C5}.Debug|Any CPU.Build.0 = Debug|Any CPU
		{F10219D2-DD3C-4E81-8179-1937EE2DC5C5}.Release|Any CPU.ActiveCfg = Release|Any CPU
		{F10219D2-DD3C-4E81-8179-1937EE2DC5C5}.Release|Any CPU.Build.0 = Release|Any CPU
	EndGlobalSection
	GlobalSection(SolutionProperties) = preSolution
		HideSolutionNode = FALSE
	EndGlobalSection
	GlobalSection(ExtensibilityGlobals) = postSolution
		SolutionGuid = {3372CE54-A921-4AF0-A38C-1062A22235C6}
	EndGlobalSection
EndGlobal
